{
  "name": "mern",
  "version": "1.0.0",
  "lockfileVersion": 3,
  "requires": true,
  "packages": {
    "": {
      "name": "mern",
      "version": "1.0.0",
      "license": "ISC",
      "dependencies": {
        "backend": "^0.0.0",
        "prefix": "^1.0.0"
      }
    },
    "node_modules/backend": {
      "version": "0.0.0",
      "resolved": "https://registry.npmjs.org/backend/-/backend-0.0.0.tgz",
      "integrity": "sha512-Fq2aG5+zmmsKv2Dhm3ijAU5spnKOb5ldJlnnC/Vhk6n8In6zaq9eCPBMRiz2j94P/r84QEaBmtwh9tjaDPiQqg==",
      "license": "BSD"
    },
    "node_modules/prefix": {
      "version": "1.0.0",
      "resolved": "https://registry.npmjs.org/prefix/-/prefix-1.0.0.tgz",
      "integrity": "sha512-KtGt8TV4nQkYgO6wJ5phkBGAECZW5cs5vQhqnz1LlxGGd8y4LwpW3Bq5pofULjdiMXACDCxisDUhwtFXb7vHfQ==",
      "license": "MIT"
    }
  }
}
